
Microsoft Visual Studio Solution File, Format Version 12.00
# Visual Studio 14
VisualStudioVersion = 14.0.25420.1
MinimumVisualStudioVersion = 10.0.40219.1
Project("{FAE04EC0-301F-11D3-BF4B-00C04F79EFBC}") = "shopapp", "shopapp\shopapp.csproj", "{1FD66393-E0F3-4F2F-9B92-7D2100DB64A4}"
EndProject
Global
	GlobalSection(SolutionConfigurationPlatforms) = preSolution
		Debug|Any CPU = Debug|Any CPU
		Release|Any CPU = Release|Any CPU
	EndGlobalSection
	GlobalSection(ProjectConfigurationPlatforms) = postSolution
		{1FD66393-E0F3-4F2F-9B92-7D2100DB64A4}.Debug|Any CPU.ActiveCfg = Debug|Any CPU
		{1FD66393-E0F3-4F2F-9B92-7D2100DB64A4}.Debug|Any CPU.Build.0 = Debug|Any CPU
		{1FD66393-E0F3-4F2F-9B92-7D2100DB64A4}.Release|Any CPU.ActiveCfg = Release|Any CPU
		{1FD66393-E0F3-4F2F-9B92-7D2100DB64A4}.Release|Any CPU.Build.0 = Release|Any CPU
	EndGlobalSection
	GlobalSection(SolutionProperties) = preSolution
		HideSolutionNode = FALSE
	EndGlobalSection
EndGlobal
